// !$*UTF8*$!
{
	archiveVersion = 1;
	classes = {
	};
	objectVersion = 44;
	objects = {

/* Begin PBXBuildFile section */
		8D15AC2C0486D014006FF6A4 /* Credits.rtf in Resources */ = {isa = PBXBuildFile; fileRef = 2A37F4B9FDCFA73011CA2CEA /* Credits.rtf */; };
		8D15AC2D0486D014006FF6A4 /* MainMenu.nib in Resources */ = {isa = PBXBuildFile; fileRef = 2A37F4B6FDCFA73011CA2CEA /* MainMenu.nib */; };
		8D15AC2E0486D014006FF6A4 /* Document.nib in Resources */ = {isa = PBXBuildFile; fileRef = 2A37F4B4FDCFA73011CA2CEA /* Document.nib */; };
		8D15AC2F0486D014006FF6A4 /* InfoPlist.strings in Resources */ = {isa = PBXBuildFile; fileRef = 089C165FFE840EACC02AAC07 /* InfoPlist.strings */; };
		8D15AC310486D014006FF6A4 /* WODocument.m in Sources */ = {isa = PBXBuildFile; fileRef = 2A37F4ACFDCFA73011CA2CEA /* WODocument.m */; settings = {ATTRIBUTES = (); }; };
		8D15AC320486D014006FF6A4 /* main.m in Sources */ = {isa = PBXBuildFile; fileRef = 2A37F4B0FDCFA73011CA2CEA /* main.m */; settings = {ATTRIBUTES = (); }; };
		8D15AC340486D014006FF6A4 /* Cocoa.framework in Frameworks */ = {isa = PBXBuildFile; fileRef = 1058C7A7FEA54F5311CA2CBB /* Cocoa.framework */; };
		BC2466240CAA69370003AA11 /* installer-tool in Resources */ = {isa = PBXBuildFile; fileRef = BC24661E0CAA69270003AA11 /* installer-tool */; };
		BC2466250CAA694B0003AA11 /* installer-tool.m in Sources */ = {isa = PBXBuildFile; fileRef = BC2466160CAA69040003AA11 /* installer-tool.m */; };
		BC9376460CABBEDC00ECD330 /* Security.framework in Frameworks */ = {isa = PBXBuildFile; fileRef = BC9376450CABBEDC00ECD330 /* Security.framework */; };
		BCCB6AED0CA87A8D002CE685 /* WODiffView.m in Sources */ = {isa = PBXBuildFile; fileRef = BCCB6AEC0CA87A8D002CE685 /* WODiffView.m */; };
		BCCB6AF00CA87A9B002CE685 /* WOFileView.m in Sources */ = {isa = PBXBuildFile; fileRef = BCCB6AEF0CA87A9B002CE685 /* WOFileView.m */; };
		BCCB6AF30CA87AA5002CE685 /* WOGlueView.m in Sources */ = {isa = PBXBuildFile; fileRef = BCCB6AF20CA87AA5002CE685 /* WOGlueView.m */; };
		BCCB6B1E0CA89147002CE685 /* WOGutterView.m in Sources */ = {isa = PBXBuildFile; fileRef = BCCB6B1D0CA89147002CE685 /* WOGutterView.m */; };
		BCCB6C910CA921D1002CE685 /* WOChange.m in Sources */ = {isa = PBXBuildFile; fileRef = BCCB6C8C0CA921D1002CE685 /* WOChange.m */; };
		BCCB6C920CA921D1002CE685 /* WODiff.m in Sources */ = {isa = PBXBuildFile; fileRef = BCCB6C8E0CA921D1002CE685 /* WODiff.m */; };
		BCCB6C930CA921D1002CE685 /* WOFile.m in Sources */ = {isa = PBXBuildFile; fileRef = BCCB6C900CA921D1002CE685 /* WOFile.m */; };
		BCCB6CCE0CA924E1002CE685 /* WODiffMachine.rl in Sources */ = {isa = PBXBuildFile; fileRef = BCCB6C9C0CA922A1002CE685 /* WODiffMachine.rl */; };
		BCCB6CFE0CA931BD002CE685 /* gdiff in Resources */ = {isa = PBXBuildFile; fileRef = BCCB6CF80CA93194002CE685 /* gdiff */; };
		BCCB6CFF0CA931C6002CE685 /* gdiff-tool.m in Sources */ = {isa = PBXBuildFile; fileRef = BCCB6CF10CA9314C002CE685 /* gdiff-tool.m */; };
		BCCB6D000CA931FA002CE685 /* Foundation.framework in Frameworks */ = {isa = PBXBuildFile; fileRef = 2A37F4C5FDCFA73011CA2CEA /* Foundation.framework */; };
		BCCB6DF60CA9546F002CE685 /* WOPathUtilities.m in Sources */ = {isa = PBXBuildFile; fileRef = BCCB6DF50CA9546F002CE685 /* WOPathUtilities.m */; };
		BCCB6DF70CA9546F002CE685 /* WOPathUtilities.m in Sources */ = {isa = PBXBuildFile; fileRef = BCCB6DF50CA9546F002CE685 /* WOPathUtilities.m */; };
		BCCB6E450CA95E16002CE685 /* WOAppController.m in Sources */ = {isa = PBXBuildFile; fileRef = BCCB6E440CA95E16002CE685 /* WOAppController.m */; };
/* End PBXBuildFile section */

/* Begin PBXBuildRule section */
		BCCB6CC70CA922E9002CE685 /* PBXBuildRule */ = {
			isa = PBXBuildRule;
			compilerSpec = com.apple.compilers.proxy.script;
			filePatterns = "*.rl";
			fileType = pattern.proxy;
			isEditable = 1;
			outputFiles = (
				"$(DERIVED_FILES_DIR)/$(INPUT_FILE_BASE).ragel",
			);
			script = "ragel -s -o \"${DERIVED_FILES_DIR}/${INPUT_FILE_BASE}.ragel\" \"${INPUT_FILE_PATH}\"";
		};
		BCCB6CD40CA926B4002CE685 /* PBXBuildRule */ = {
			isa = PBXBuildRule;
			compilerSpec = com.apple.compilers.proxy.script;
			filePatterns = "*.ragel";
			fileType = pattern.proxy;
			isEditable = 1;
			outputFiles = (
				"$(DERIVED_FILES_DIR)/$(INPUT_FILE_BASE).m",
			);
			script = "rlgen-cd -o \"${DERIVED_FILES_DIR}/${INPUT_FILE_BASE}.m\" \"${INPUT_FILE_PATH}\"";
		};
/* End PBXBuildRule section */

/* Begin PBXContainerItemProxy section */
		BC2466220CAA69310003AA11 /* PBXContainerItemProxy */ = {
			isa = PBXContainerItemProxy;
			containerPortal = 2A37F4A9FDCFA73011CA2CEA /* Project object */;
			proxyType = 1;
			remoteGlobalIDString = BC24661D0CAA69270003AA11;
			remoteInfo = "installer-tool";
		};
		BCCB6CFC0CA931A9002CE685 /* PBXContainerItemProxy */ = {
			isa = PBXContainerItemProxy;
			containerPortal = 2A37F4A9FDCFA73011CA2CEA /* Project object */;
			proxyType = 1;
			remoteGlobalIDString = BCCB6CF70CA93194002CE685;
			remoteInfo = "gdiff tool";
		};
/* End PBXContainerItemProxy section */

/* Begin PBXFileReference section */
		1058C7A7FEA54F5311CA2CBB /* Cocoa.framework */ = {isa = PBXFileReference; lastKnownFileType = wrapper.framework; name = Cocoa.framework; path = /System/Library/Frameworks/Cocoa.framework; sourceTree = "<absolute>"; };
		13E42FBA07B3F13500E4EEF1 /* CoreData.framework */ = {isa = PBXFileReference; lastKnownFileType = wrapper.framework; name = CoreData.framework; path = /System/Library/Frameworks/CoreData.framework; sourceTree = "<absolute>"; };
		2A37F4ACFDCFA73011CA2CEA /* WODocument.m */ = {isa = PBXFileReference; fileEncoding = 4; lastKnownFileType = sourcecode.c.objc; path = WODocument.m; sourceTree = "<group>"; };
		2A37F4AEFDCFA73011CA2CEA /* WODocument.h */ = {isa = PBXFileReference; fileEncoding = 4; lastKnownFileType = sourcecode.c.h; path = WODocument.h; sourceTree = "<group>"; };
		2A37F4B0FDCFA73011CA2CEA /* main.m */ = {isa = PBXFileReference; fileEncoding = 4; lastKnownFileType = sourcecode.c.objc; path = main.m; sourceTree = "<group>"; };
		2A37F4C4FDCFA73011CA2CEA /* AppKit.framework */ = {isa = PBXFileReference; lastKnownFileType = wrapper.framework; name = AppKit.framework; path = /System/Library/Frameworks/AppKit.framework; sourceTree = "<absolute>"; };
		2A37F4C5FDCFA73011CA2CEA /* Foundation.framework */ = {isa = PBXFileReference; lastKnownFileType = wrapper.framework; name = Foundation.framework; path = /System/Library/Frameworks/Foundation.framework; sourceTree = "<absolute>"; };
		32DBCF750370BD2300C91783 /* gdiff.h */ = {isa = PBXFileReference; fileEncoding = 4; lastKnownFileType = sourcecode.c.h; path = gdiff.h; sourceTree = "<group>"; };
		8D15AC360486D014006FF6A4 /* Info.plist */ = {isa = PBXFileReference; fileEncoding = 4; lastKnownFileType = text.plist.xml; path = Info.plist; sourceTree = "<group>"; };
		8D15AC370486D014006FF6A4 /* gdiff.app */ = {isa = PBXFileReference; explicitFileType = wrapper.application; includeInIndex = 0; path = gdiff.app; sourceTree = BUILT_PRODUCTS_DIR; };
		BC2466160CAA69040003AA11 /* installer-tool.m */ = {isa = PBXFileReference; fileEncoding = 4; lastKnownFileType = sourcecode.c.objc; path = "installer-tool.m"; sourceTree = "<group>"; };
		BC24661E0CAA69270003AA11 /* installer-tool */ = {isa = PBXFileReference; explicitFileType = "compiled.mach-o.executable"; includeInIndex = 0; path = "installer-tool"; sourceTree = BUILT_PRODUCTS_DIR; };
		BC9376450CABBEDC00ECD330 /* Security.framework */ = {isa = PBXFileReference; lastKnownFileType = wrapper.framework; name = Security.framework; path = /System/Library/Frameworks/Security.framework; sourceTree = "<absolute>"; };
		BCCB6AAC0CA87291002CE685 /* en */ = {isa = PBXFileReference; lastKnownFileType = text.rtf; name = en; path = en.lproj/Credits.rtf; sourceTree = "<group>"; };
		BCCB6AAD0CA8729C002CE685 /* en */ = {isa = PBXFileReference; lastKnownFileType = wrapper.nib; name = en; path = en.lproj/MainMenu.nib; sourceTree = "<group>"; };
		BCCB6AAE0CA872A3002CE685 /* en */ = {isa = PBXFileReference; lastKnownFileType = wrapper.nib; name = en; path = en.lproj/Document.nib; sourceTree = "<group>"; };
		BCCB6AAF0CA872A9002CE685 /* en */ = {isa = PBXFileReference; lastKnownFileType = text.plist.strings; name = en; path = en.lproj/InfoPlist.strings; sourceTree = "<group>"; };
		BCCB6AC50CA87373002CE685 /* base-style.xcconfig */ = {isa = PBXFileReference; fileEncoding = 4; lastKnownFileType = text.xcconfig; name = "base-style.xcconfig"; path = "../../buildtools/base-style.xcconfig"; sourceTree = SOURCE_ROOT; };
		BCCB6AC60CA87373002CE685 /* cocoa-app-target.xcconfig */ = {isa = PBXFileReference; fileEncoding = 4; lastKnownFileType = text.xcconfig; name = "cocoa-app-target.xcconfig"; path = "../../buildtools/cocoa-app-target.xcconfig"; sourceTree = SOURCE_ROOT; };
		BCCB6AC70CA87373002CE685 /* debug-style.xcconfig */ = {isa = PBXFileReference; fileEncoding = 4; lastKnownFileType = text.xcconfig; name = "debug-style.xcconfig"; path = "../../buildtools/debug-style.xcconfig"; sourceTree = SOURCE_ROOT; };
		BCCB6AC80CA87373002CE685 /* foundation-tool-target.xcconfig */ = {isa = PBXFileReference; fileEncoding = 4; lastKnownFileType = text.xcconfig; name = "foundation-tool-target.xcconfig"; path = "../../buildtools/foundation-tool-target.xcconfig"; sourceTree = SOURCE_ROOT; };
		BCCB6AC90CA87373002CE685 /* release-style.xcconfig */ = {isa = PBXFileReference; fileEncoding = 4; lastKnownFileType = text.xcconfig; name = "release-style.xcconfig"; path = "../../buildtools/release-style.xcconfig"; sourceTree = SOURCE_ROOT; };
		BCCB6AEB0CA87A8D002CE685 /* WODiffView.h */ = {isa = PBXFileReference; fileEncoding = 4; lastKnownFileType = sourcecode.c.h; path = WODiffView.h; sourceTree = "<group>"; };
		BCCB6AEC0CA87A8D002CE685 /* WODiffView.m */ = {isa = PBXFileReference; fileEncoding = 4; lastKnownFileType = sourcecode.c.objc; path = WODiffView.m; sourceTree = "<group>"; };
		BCCB6AEE0CA87A9B002CE685 /* WOFileView.h */ = {isa = PBXFileReference; fileEncoding = 4; lastKnownFileType = sourcecode.c.h; path = WOFileView.h; sourceTree = "<group>"; };
		BCCB6AEF0CA87A9B002CE685 /* WOFileView.m */ = {isa = PBXFileReference; fileEncoding = 4; lastKnownFileType = sourcecode.c.objc; path = WOFileView.m; sourceTree = "<group>"; };
		BCCB6AF10CA87AA5002CE685 /* WOGlueView.h */ = {isa = PBXFileReference; fileEncoding = 4; lastKnownFileType = sourcecode.c.h; path = WOGlueView.h; sourceTree = "<group>"; };
		BCCB6AF20CA87AA5002CE685 /* WOGlueView.m */ = {isa = PBXFileReference; fileEncoding = 4; lastKnownFileType = sourcecode.c.objc; path = WOGlueView.m; sourceTree = "<group>"; };
		BCCB6B1C0CA89147002CE685 /* WOGutterView.h */ = {isa = PBXFileReference; fileEncoding = 4; lastKnownFileType = sourcecode.c.h; path = WOGutterView.h; sourceTree = "<group>"; };
		BCCB6B1D0CA89147002CE685 /* WOGutterView.m */ = {isa = PBXFileReference; fileEncoding = 4; lastKnownFileType = sourcecode.c.objc; path = WOGutterView.m; sourceTree = "<group>"; };
		BCCB6C8B0CA921D1002CE685 /* WOChange.h */ = {isa = PBXFileReference; fileEncoding = 4; lastKnownFileType = sourcecode.c.h; path = WOChange.h; sourceTree = "<group>"; };
		BCCB6C8C0CA921D1002CE685 /* WOChange.m */ = {isa = PBXFileReference; fileEncoding = 4; lastKnownFileType = sourcecode.c.objc; path = WOChange.m; sourceTree = "<group>"; };
		BCCB6C8D0CA921D1002CE685 /* WODiff.h */ = {isa = PBXFileReference; fileEncoding = 4; lastKnownFileType = sourcecode.c.h; path = WODiff.h; sourceTree = "<group>"; };
		BCCB6C8E0CA921D1002CE685 /* WODiff.m */ = {isa = PBXFileReference; fileEncoding = 4; lastKnownFileType = sourcecode.c.objc; path = WODiff.m; sourceTree = "<group>"; };
		BCCB6C8F0CA921D1002CE685 /* WOFile.h */ = {isa = PBXFileReference; fileEncoding = 4; lastKnownFileType = sourcecode.c.h; path = WOFile.h; sourceTree = "<group>"; };
		BCCB6C900CA921D1002CE685 /* WOFile.m */ = {isa = PBXFileReference; fileEncoding = 4; lastKnownFileType = sourcecode.c.objc; path = WOFile.m; sourceTree = "<group>"; };
		BCCB6C9B0CA922A1002CE685 /* WODiffMachine.h */ = {isa = PBXFileReference; fileEncoding = 4; lastKnownFileType = sourcecode.c.h; path = WODiffMachine.h; sourceTree = "<group>"; };
		BCCB6C9C0CA922A1002CE685 /* WODiffMachine.rl */ = {isa = PBXFileReference; fileEncoding = 4; lastKnownFileType = text; path = WODiffMachine.rl; sourceTree = "<group>"; };
		BCCB6CF10CA9314C002CE685 /* gdiff-tool.m */ = {isa = PBXFileReference; fileEncoding = 4; lastKnownFileType = sourcecode.c.objc; path = "gdiff-tool.m"; sourceTree = "<group>"; };
		BCCB6CF80CA93194002CE685 /* gdiff */ = {isa = PBXFileReference; explicitFileType = "compiled.mach-o.executable"; includeInIndex = 0; path = gdiff; sourceTree = BUILT_PRODUCTS_DIR; };
		BCCB6DF40CA9546F002CE685 /* WOPathUtilities.h */ = {isa = PBXFileReference; fileEncoding = 4; lastKnownFileType = sourcecode.c.h; path = WOPathUtilities.h; sourceTree = "<group>"; };
		BCCB6DF50CA9546F002CE685 /* WOPathUtilities.m */ = {isa = PBXFileReference; fileEncoding = 4; lastKnownFileType = sourcecode.c.objc; path = WOPathUtilities.m; sourceTree = "<group>"; };
		BCCB6E430CA95E16002CE685 /* WOAppController.h */ = {isa = PBXFileReference; fileEncoding = 4; lastKnownFileType = sourcecode.c.h; path = WOAppController.h; sourceTree = "<group>"; };
		BCCB6E440CA95E16002CE685 /* WOAppController.m */ = {isa = PBXFileReference; fileEncoding = 4; lastKnownFileType = sourcecode.c.objc; path = WOAppController.m; sourceTree = "<group>"; };
/* End PBXFileReference section */

/* Begin PBXFrameworksBuildPhase section */
		8D15AC330486D014006FF6A4 /* Frameworks */ = {
			isa = PBXFrameworksBuildPhase;
			buildActionMask = 2147483647;
			files = (
				8D15AC340486D014006FF6A4 /* Cocoa.framework in Frameworks */,
				BC9376460CABBEDC00ECD330 /* Security.framework in Frameworks */,
			);
			runOnlyForDeploymentPostprocessing = 0;
		};
		BC24661C0CAA69270003AA11 /* Frameworks */ = {
			isa = PBXFrameworksBuildPhase;
			buildActionMask = 2147483647;
			files = (
			);
			runOnlyForDeploymentPostprocessing = 0;
		};
		BCCB6CF60CA93194002CE685 /* Frameworks */ = {
			isa = PBXFrameworksBuildPhase;
			buildActionMask = 2147483647;
			files = (
				BCCB6D000CA931FA002CE685 /* Foundation.framework in Frameworks */,
			);
			runOnlyForDeploymentPostprocessing = 0;
		};
/* End PBXFrameworksBuildPhase section */

/* Begin PBXGroup section */
		1058C7A6FEA54F5311CA2CBB /* Linked Frameworks */ = {
			isa = PBXGroup;
			children = (
				1058C7A7FEA54F5311CA2CBB /* Cocoa.framework */,
			);
			name = "Linked Frameworks";
			sourceTree = "<group>";
		};
		1058C7A8FEA54F5311CA2CBB /* Other Frameworks */ = {
			isa = PBXGroup;
			children = (
				BC9376450CABBEDC00ECD330 /* Security.framework */,
				2A37F4C4FDCFA73011CA2CEA /* AppKit.framework */,
				13E42FBA07B3F13500E4EEF1 /* CoreData.framework */,
				2A37F4C5FDCFA73011CA2CEA /* Foundation.framework */,
			);
			name = "Other Frameworks";
			sourceTree = "<group>";
		};
		19C28FB0FE9D524F11CA2CBB /* Products */ = {
			isa = PBXGroup;
			children = (
				8D15AC370486D014006FF6A4 /* gdiff.app */,
				BCCB6CF80CA93194002CE685 /* gdiff */,
				BC24661E0CAA69270003AA11 /* installer-tool */,
			);
			name = Products;
			sourceTree = "<group>";
		};
		2A37F4AAFDCFA73011CA2CEA /* gdiff */ = {
			isa = PBXGroup;
			children = (
				BCCB6AC20CA87355002CE685 /* Configuration */,
				BC93761D0CABB6BF00ECD330 /* Shared */,
				BCCB6DF30CA95441002CE685 /* Utility */,
				BCCB6CE70CA9306F002CE685 /* Tools */,
				BCCB6CE60CA9306A002CE685 /* GUI */,
				2A37F4C3FDCFA73011CA2CEA /* Frameworks */,
				19C28FB0FE9D524F11CA2CBB /* Products */,
			);
			name = gdiff;
			sourceTree = "<group>";
		};
		2A37F4ABFDCFA73011CA2CEA /* Classes */ = {
			isa = PBXGroup;
			children = (
				BCCB6C860CA92110002CE685 /* Models */,
				BCCB6C870CA92116002CE685 /* Views */,
				BCCB6C880CA9211C002CE685 /* Controllers */,
			);
			name = Classes;
			sourceTree = "<group>";
		};
		2A37F4AFFDCFA73011CA2CEA /* Other Sources */ = {
			isa = PBXGroup;
			children = (
				2A37F4B0FDCFA73011CA2CEA /* main.m */,
			);
			name = "Other Sources";
			sourceTree = "<group>";
		};
		2A37F4B8FDCFA73011CA2CEA /* Resources */ = {
			isa = PBXGroup;
			children = (
				2A37F4B9FDCFA73011CA2CEA /* Credits.rtf */,
				2A37F4B6FDCFA73011CA2CEA /* MainMenu.nib */,
				2A37F4B4FDCFA73011CA2CEA /* Document.nib */,
				8D15AC360486D014006FF6A4 /* Info.plist */,
				089C165FFE840EACC02AAC07 /* InfoPlist.strings */,
			);
			name = Resources;
			sourceTree = "<group>";
		};
		2A37F4C3FDCFA73011CA2CEA /* Frameworks */ = {
			isa = PBXGroup;
			children = (
				1058C7A6FEA54F5311CA2CBB /* Linked Frameworks */,
				1058C7A8FEA54F5311CA2CBB /* Other Frameworks */,
			);
			name = Frameworks;
			sourceTree = "<group>";
		};
		BC93761D0CABB6BF00ECD330 /* Shared */ = {
			isa = PBXGroup;
			children = (
				32DBCF750370BD2300C91783 /* gdiff.h */,
			);
			name = Shared;
			sourceTree = "<group>";
		};
		BCCB6AC20CA87355002CE685 /* Configuration */ = {
			isa = PBXGroup;
			children = (
				BCCB6AC50CA87373002CE685 /* base-style.xcconfig */,
				BCCB6AC60CA87373002CE685 /* cocoa-app-target.xcconfig */,
				BCCB6AC70CA87373002CE685 /* debug-style.xcconfig */,
				BCCB6AC80CA87373002CE685 /* foundation-tool-target.xcconfig */,
				BCCB6AC90CA87373002CE685 /* release-style.xcconfig */,
			);
			name = Configuration;
			sourceTree = "<group>";
		};
		BCCB6C860CA92110002CE685 /* Models */ = {
			isa = PBXGroup;
			children = (
				BCCB6C9B0CA922A1002CE685 /* WODiffMachine.h */,
				BCCB6C9C0CA922A1002CE685 /* WODiffMachine.rl */,
				BCCB6C8B0CA921D1002CE685 /* WOChange.h */,
				BCCB6C8C0CA921D1002CE685 /* WOChange.m */,
				BCCB6C8D0CA921D1002CE685 /* WODiff.h */,
				BCCB6C8E0CA921D1002CE685 /* WODiff.m */,
				BCCB6C8F0CA921D1002CE685 /* WOFile.h */,
				BCCB6C900CA921D1002CE685 /* WOFile.m */,
			);
			name = Models;
			sourceTree = "<group>";
		};
		BCCB6C870CA92116002CE685 /* Views */ = {
			isa = PBXGroup;
			children = (
				BCCB6AEB0CA87A8D002CE685 /* WODiffView.h */,
				BCCB6AEC0CA87A8D002CE685 /* WODiffView.m */,
				BCCB6AEE0CA87A9B002CE685 /* WOFileView.h */,
				BCCB6AEF0CA87A9B002CE685 /* WOFileView.m */,
				BCCB6AF10CA87AA5002CE685 /* WOGlueView.h */,
				BCCB6AF20CA87AA5002CE685 /* WOGlueView.m */,
				BCCB6B1C0CA89147002CE685 /* WOGutterView.h */,
				BCCB6B1D0CA89147002CE685 /* WOGutterView.m */,
			);
			name = Views;
			sourceTree = "<group>";
		};
		BCCB6C880CA9211C002CE685 /* Controllers */ = {
			isa = PBXGroup;
			children = (
				2A37F4AEFDCFA73011CA2CEA /* WODocument.h */,
				2A37F4ACFDCFA73011CA2CEA /* WODocument.m */,
				BCCB6E430CA95E16002CE685 /* WOAppController.h */,
				BCCB6E440CA95E16002CE685 /* WOAppController.m */,
			);
			name = Controllers;
			sourceTree = "<group>";
		};
		BCCB6CE60CA9306A002CE685 /* GUI */ = {
			isa = PBXGroup;
			children = (
				2A37F4ABFDCFA73011CA2CEA /* Classes */,
				2A37F4AFFDCFA73011CA2CEA /* Other Sources */,
				2A37F4B8FDCFA73011CA2CEA /* Resources */,
			);
			name = GUI;
			sourceTree = "<group>";
		};
		BCCB6CE70CA9306F002CE685 /* Tools */ = {
			isa = PBXGroup;
			children = (
				BCCB6CF10CA9314C002CE685 /* gdiff-tool.m */,
				BC2466160CAA69040003AA11 /* installer-tool.m */,
			);
			name = Tools;
			sourceTree = "<group>";
		};
		BCCB6DF30CA95441002CE685 /* Utility */ = {
			isa = PBXGroup;
			children = (
				BCCB6DF40CA9546F002CE685 /* WOPathUtilities.h */,
				BCCB6DF50CA9546F002CE685 /* WOPathUtilities.m */,
			);
			name = Utility;
			sourceTree = "<group>";
		};
/* End PBXGroup section */

/* Begin PBXNativeTarget section */
		8D15AC270486D014006FF6A4 /* gdiff GUI */ = {
			isa = PBXNativeTarget;
			buildConfigurationList = C05733C708A9546B00998B17 /* Build configuration list for PBXNativeTarget "gdiff GUI" */;
			buildPhases = (
				8D15AC2B0486D014006FF6A4 /* Resources */,
				8D15AC300486D014006FF6A4 /* Sources */,
				8D15AC330486D014006FF6A4 /* Frameworks */,
			);
			buildRules = (
				BCCB6CD40CA926B4002CE685 /* PBXBuildRule */,
				BCCB6CC70CA922E9002CE685 /* PBXBuildRule */,
			);
			dependencies = (
				BC2466230CAA69310003AA11 /* PBXTargetDependency */,
				BCCB6CFD0CA931A9002CE685 /* PBXTargetDependency */,
			);
			name = "gdiff GUI";
			productInstallPath = "$(HOME)/Applications";
			productName = gdiff;
			productReference = 8D15AC370486D014006FF6A4 /* gdiff.app */;
			productType = "com.apple.product-type.application";
		};
		BC24661D0CAA69270003AA11 /* installer-tool */ = {
			isa = PBXNativeTarget;
			buildConfigurationList = BC2466260CAA69690003AA11 /* Build configuration list for PBXNativeTarget "installer-tool" */;
			buildPhases = (
				BC24661B0CAA69270003AA11 /* Sources */,
				BC24661C0CAA69270003AA11 /* Frameworks */,
			);
			buildRules = (
			);
			dependencies = (
			);
			name = "installer-tool";
			productName = "installer-tool";
			productReference = BC24661E0CAA69270003AA11 /* installer-tool */;
			productType = "com.apple.product-type.tool";
		};
		BCCB6CF70CA93194002CE685 /* gdiff tool */ = {
			isa = PBXNativeTarget;
			buildConfigurationList = BCCB6D860CA93207002CE685 /* Build configuration list for PBXNativeTarget "gdiff tool" */;
			buildPhases = (
				BCCB6CF50CA93194002CE685 /* Sources */,
				BCCB6CF60CA93194002CE685 /* Frameworks */,
			);
			buildRules = (
			);
			dependencies = (
			);
			name = "gdiff tool";
			productName = "gdiff tool";
			productReference = BCCB6CF80CA93194002CE685 /* gdiff */;
			productType = "com.apple.product-type.tool";
		};
/* End PBXNativeTarget section */

/* Begin PBXProject section */
		2A37F4A9FDCFA73011CA2CEA /* Project object */ = {
			isa = PBXProject;
			buildConfigurationList = C05733CB08A9546B00998B17 /* Build configuration list for PBXProject "gdiff" */;
			compatibilityVersion = "Xcode 3.0";
			hasScannedForEncodings = 1;
			knownRegions = (
				English,
				Japanese,
				French,
				German,
				en,
			);
			mainGroup = 2A37F4AAFDCFA73011CA2CEA /* gdiff */;
			projectDirPath = "";
			projectRoot = "";
			targets = (
				BCCB6CF70CA93194002CE685 /* gdiff tool */,
				BC24661D0CAA69270003AA11 /* installer-tool */,
				8D15AC270486D014006FF6A4 /* gdiff GUI */,
			);
		};
/* End PBXProject section */

/* Begin PBXResourcesBuildPhase section */
		8D15AC2B0486D014006FF6A4 /* Resources */ = {
			isa = PBXResourcesBuildPhase;
			buildActionMask = 2147483647;
			files = (
				BC2466240CAA69370003AA11 /* installer-tool in Resources */,
				BCCB6CFE0CA931BD002CE685 /* gdiff in Resources */,
				8D15AC2C0486D014006FF6A4 /* Credits.rtf in Resources */,
				8D15AC2D0486D014006FF6A4 /* MainMenu.nib in Resources */,
				8D15AC2E0486D014006FF6A4 /* Document.nib in Resources */,
				8D15AC2F0486D014006FF6A4 /* InfoPlist.strings in Resources */,
			);
			runOnlyForDeploymentPostprocessing = 0;
		};
/* End PBXResourcesBuildPhase section */

/* Begin PBXSourcesBuildPhase section */
		8D15AC300486D014006FF6A4 /* Sources */ = {
			isa = PBXSourcesBuildPhase;
			buildActionMask = 2147483647;
			files = (
				BCCB6CCE0CA924E1002CE685 /* WODiffMachine.rl in Sources */,
				8D15AC310486D014006FF6A4 /* WODocument.m in Sources */,
				8D15AC320486D014006FF6A4 /* main.m in Sources */,
				BCCB6AED0CA87A8D002CE685 /* WODiffView.m in Sources */,
				BCCB6AF00CA87A9B002CE685 /* WOFileView.m in Sources */,
				BCCB6AF30CA87AA5002CE685 /* WOGlueView.m in Sources */,
				BCCB6B1E0CA89147002CE685 /* WOGutterView.m in Sources */,
				BCCB6C910CA921D1002CE685 /* WOChange.m in Sources */,
				BCCB6C920CA921D1002CE685 /* WODiff.m in Sources */,
				BCCB6C930CA921D1002CE685 /* WOFile.m in Sources */,
				BCCB6DF70CA9546F002CE685 /* WOPathUtilities.m in Sources */,
				BCCB6E450CA95E16002CE685 /* WOAppController.m in Sources */,
			);
			runOnlyForDeploymentPostprocessing = 0;
		};
		BC24661B0CAA69270003AA11 /* Sources */ = {
			isa = PBXSourcesBuildPhase;
			buildActionMask = 2147483647;
			files = (
				BC2466250CAA694B0003AA11 /* installer-tool.m in Sources */,
			);
			runOnlyForDeploymentPostprocessing = 0;
		};
		BCCB6CF50CA93194002CE685 /* Sources */ = {
			isa = PBXSourcesBuildPhase;
			buildActionMask = 2147483647;
			files = (
				BCCB6CFF0CA931C6002CE685 /* gdiff-tool.m in Sources */,
				BCCB6DF60CA9546F002CE685 /* WOPathUtilities.m in Sources */,
			);
			runOnlyForDeploymentPostprocessing = 0;
		};
/* End PBXSourcesBuildPhase section */

/* Begin PBXTargetDependency section */
		BC2466230CAA69310003AA11 /* PBXTargetDependency */ = {
			isa = PBXTargetDependency;
			target = BC24661D0CAA69270003AA11 /* installer-tool */;
			targetProxy = BC2466220CAA69310003AA11 /* PBXContainerItemProxy */;
		};
		BCCB6CFD0CA931A9002CE685 /* PBXTargetDependency */ = {
			isa = PBXTargetDependency;
			target = BCCB6CF70CA93194002CE685 /* gdiff tool */;
			targetProxy = BCCB6CFC0CA931A9002CE685 /* PBXContainerItemProxy */;
		};
/* End PBXTargetDependency section */

/* Begin PBXVariantGroup section */
		089C165FFE840EACC02AAC07 /* InfoPlist.strings */ = {
			isa = PBXVariantGroup;
			children = (
				BCCB6AAF0CA872A9002CE685 /* en */,
			);
			name = InfoPlist.strings;
			sourceTree = "<group>";
		};
		2A37F4B4FDCFA73011CA2CEA /* Document.nib */ = {
			isa = PBXVariantGroup;
			children = (
				BCCB6AAE0CA872A3002CE685 /* en */,
			);
			name = Document.nib;
			sourceTree = "<group>";
		};
		2A37F4B6FDCFA73011CA2CEA /* MainMenu.nib */ = {
			isa = PBXVariantGroup;
			children = (
				BCCB6AAD0CA8729C002CE685 /* en */,
			);
			name = MainMenu.nib;
			sourceTree = "<group>";
		};
		2A37F4B9FDCFA73011CA2CEA /* Credits.rtf */ = {
			isa = PBXVariantGroup;
			children = (
				BCCB6AAC0CA87291002CE685 /* en */,
			);
			name = Credits.rtf;
			sourceTree = "<group>";
		};
/* End PBXVariantGroup section */

/* Begin XCBuildConfiguration section */
		BC2466200CAA69280003AA11 /* Debug */ = {
			isa = XCBuildConfiguration;
			baseConfigurationReference = BCCB6AC80CA87373002CE685 /* foundation-tool-target.xcconfig */;
			buildSettings = {
				PRODUCT_NAME = "installer-tool";
			};
			name = Debug;
		};
		BC2466210CAA69280003AA11 /* Release */ = {
			isa = XCBuildConfiguration;
			baseConfigurationReference = BCCB6AC80CA87373002CE685 /* foundation-tool-target.xcconfig */;
			buildSettings = {
				PRODUCT_NAME = "installer-tool";
			};
			name = Release;
		};
		BCCB6CFA0CA93194002CE685 /* Debug */ = {
			isa = XCBuildConfiguration;
			baseConfigurationReference = BCCB6AC80CA87373002CE685 /* foundation-tool-target.xcconfig */;
			buildSettings = {
				PRODUCT_NAME = gdiff;
			};
			name = Debug;
		};
		BCCB6CFB0CA93194002CE685 /* Release */ = {
			isa = XCBuildConfiguration;
			baseConfigurationReference = BCCB6AC80CA87373002CE685 /* foundation-tool-target.xcconfig */;
			buildSettings = {
				PRODUCT_NAME = gdiff;
			};
			name = Release;
		};
		C05733C808A9546B00998B17 /* Debug */ = {
			isa = XCBuildConfiguration;
			baseConfigurationReference = BCCB6AC60CA87373002CE685 /* cocoa-app-target.xcconfig */;
			buildSettings = {
				INFOPLIST_FILE = Info.plist;
				PRODUCT_NAME = gdiff;
			};
			name = Debug;
		};
		C05733C908A9546B00998B17 /* Release */ = {
			isa = XCBuildConfiguration;
			baseConfigurationReference = BCCB6AC60CA87373002CE685 /* cocoa-app-target.xcconfig */;
			buildSettings = {
				INFOPLIST_FILE = Info.plist;
				PRODUCT_NAME = gdiff;
			};
			name = Release;
		};
		C05733CC08A9546B00998B17 /* Debug */ = {
			isa = XCBuildConfiguration;
			baseConfigurationReference = BCCB6AC70CA87373002CE685 /* debug-style.xcconfig */;
			buildSettings = {
			};
			name = Debug;
		};
		C05733CD08A9546B00998B17 /* Release */ = {
			isa = XCBuildConfiguration;
			baseConfigurationReference = BCCB6AC90CA87373002CE685 /* release-style.xcconfig */;
			buildSettings = {
			};
			name = Release;
		};
/* End XCBuildConfiguration section */

/* Begin XCConfigurationList section */
		BC2466260CAA69690003AA11 /* Build configuration list for PBXNativeTarget "installer-tool" */ = {
			isa = XCConfigurationList;
			buildConfigurations = (
				BC2466200CAA69280003AA11 /* Debug */,
				BC2466210CAA69280003AA11 /* Release */,
			);
			defaultConfigurationIsVisible = 0;
			defaultConfigurationName = Release;
		};
		BCCB6D860CA93207002CE685 /* Build configuration list for PBXNativeTarget "gdiff tool" */ = {
			isa = XCConfigurationList;
			buildConfigurations = (
				BCCB6CFA0CA93194002CE685 /* Debug */,
				BCCB6CFB0CA93194002CE685 /* Release */,
			);
			defaultConfigurationIsVisible = 0;
			defaultConfigurationName = Release;
		};
		C05733C708A9546B00998B17 /* Build configuration list for PBXNativeTarget "gdiff GUI" */ = {
			isa = XCConfigurationList;
			buildConfigurations = (
				C05733C808A9546B00998B17 /* Debug */,
				C05733C908A9546B00998B17 /* Release */,
			);
			defaultConfigurationIsVisible = 0;
			defaultConfigurationName = Release;
		};
		C05733CB08A9546B00998B17 /* Build configuration list for PBXProject "gdiff" */ = {
			isa = XCConfigurationList;
			buildConfigurations = (
				C05733CC08A9546B00998B17 /* Debug */,
				C05733CD08A9546B00998B17 /* Release */,
			);
			defaultConfigurationIsVisible = 0;
			defaultConfigurationName = Release;
		};
/* End XCConfigurationList section */
	};
	rootObject = 2A37F4A9FDCFA73011CA2CEA /* Project object */;
}
